
Microsoft Visual Studio Solution File, Format Version 12.00
# Visual Studio Version 17
VisualStudioVersion = 17.4.33205.214
MinimumVisualStudioVersion = 10.0.40219.1
Project("{FAE04EC0-301F-11D3-BF4B-00C04F79EFBC}") = "AdoConnectionStringApp", "AdoConnectionStringApp\AdoConnectionStringApp.csproj", "{81DBB219-4083-4A12-A35B-7E5CC71B930E}"
EndProject
Global
	GlobalSection(SolutionConfigurationPlatforms) = preSolution
		Debug|Any CPU = Debug|Any CPU
		Release|Any CPU = Release|Any CPU
	EndGlobalSection
	GlobalSection(ProjectConfigurationPlatforms) = postSolution
		{81DBB219-4083-4A12-A35B-7E5CC71B930E}.Debug|Any CPU.ActiveCfg = Debug|Any CPU
		{81DBB219-4083-4A12-A35B-7E5CC71B930E}.Debug|Any CPU.Build.0 = Debug|Any CPU
		{81DBB219-4083-4A12-A35B-7E5CC71B930E}.Release|Any CPU.ActiveCfg = Release|Any CPU
		{81DBB219-4083-4A12-A35B-7E5CC71B930E}.Release|Any CPU.Build.0 = Release|Any CPU
	EndGlobalSection
	GlobalSection(SolutionProperties) = preSolution
		HideSolutionNode = FALSE
	EndGlobalSection
	GlobalSection(ExtensibilityGlobals) = postSolution
		SolutionGuid = {39ED8C08-C585-4E7D-B24E-207DE7037110}
	EndGlobalSection
EndGlobal
